
Microsoft Visual Studio Solution File, Format Version 12.00
# Visual Studio Version 17
VisualStudioVersion = 17.8.34330.188
MinimumVisualStudioVersion = 10.0.40219.1
Project("{9A19103F-16F7-4668-BE54-9A1E7A4F7556}") = "Api", "Api\Api.csproj", "{1CCC7473-0A83-4A56-8EF9-34D6300734ED}"
EndProject
Project("{9A19103F-16F7-4668-BE54-9A1E7A4F7556}") = "Core", "Core\Core.csproj", "{48C868A5-2F5A-44CD-A251-57F5F7C78A9A}"
EndProject
Global
	GlobalSection(SolutionConfigurationPlatforms) = preSolution
		Debug|Any CPU = Debug|Any CPU
		Release|Any CPU = Release|Any CPU
	EndGlobalSection
	GlobalSection(ProjectConfigurationPlatforms) = postSolution
		{1CCC7473-0A83-4A56-8EF9-34D6300734ED}.Debug|Any CPU.ActiveCfg = Debug|Any CPU
		{1CCC7473-0A83-4A56-8EF9-34D6300734ED}.Debug|Any CPU.Build.0 = Debug|Any CPU
		{1CCC7473-0A83-4A56-8EF9-34D6300734ED}.Release|Any CPU.ActiveCfg = Release|Any CPU
		{1CCC7473-0A83-4A56-8EF9-34D6300734ED}.Release|Any CPU.Build.0 = Release|Any CPU
		{48C868A5-2F5A-44CD-A251-57F5F7C78A9A}.Debug|Any CPU.ActiveCfg = Debug|Any CPU
		{48C868A5-2F5A-44CD-A251-57F5F7C78A9A}.Debug|Any CPU.Build.0 = Debug|Any CPU
		{48C868A5-2F5A-44CD-A251-57F5F7C78A9A}.Release|Any CPU.ActiveCfg = Release|Any CPU
		{48C868A5-2F5A-44CD-A251-57F5F7C78A9A}.Release|Any CPU.Build.0 = Release|Any CPU
	EndGlobalSection
	GlobalSection(SolutionProperties) = preSolution
		HideSolutionNode = FALSE
	EndGlobalSection
	GlobalSection(ExtensibilityGlobals) = postSolution
		SolutionGuid = {F90F01B8-62C1-4723-934E-D75406B45B53}
	EndGlobalSection
EndGlobal
